
Microsoft Visual Studio Solution File, Format Version 12.00
# Visual Studio Version 17
VisualStudioVersion = 17.14.36623.8 d17.14
MinimumVisualStudioVersion = 10.0.40219.1
Project("{FAE04EC0-301F-11D3-BF4B-00C04F79EFBC}") = "AutiBuddy", "AutiBuddy.csproj", "{909FDEB5-13AA-4725-8AD2-FA6DD69DF688}"
EndProject
Global
	GlobalSection(SolutionConfigurationPlatforms) = preSolution
		Debug|Any CPU = Debug|Any CPU
		Release|Any CPU = Release|Any CPU
	EndGlobalSection
	GlobalSection(ProjectConfigurationPlatforms) = postSolution
		{909FDEB5-13AA-4725-8AD2-FA6DD69DF688}.Debug|Any CPU.ActiveCfg = Debug|Any CPU
		{909FDEB5-13AA-4725-8AD2-FA6DD69DF688}.Debug|Any CPU.Build.0 = Debug|Any CPU
		{909FDEB5-13AA-4725-8AD2-FA6DD69DF688}.Release|Any CPU.ActiveCfg = Release|Any CPU
		{909FDEB5-13AA-4725-8AD2-FA6DD69DF688}.Release|Any CPU.Build.0 = Release|Any CPU
	EndGlobalSection
	GlobalSection(SolutionProperties) = preSolution
		HideSolutionNode = FALSE
	EndGlobalSection
	GlobalSection(ExtensibilityGlobals) = postSolution
		SolutionGuid = {3540488D-B01E-48F0-A5F4-80C30F1326A7}
	EndGlobalSection
EndGlobal
